// !$*UTF8*$!
{
	archiveVersion = 1;
	classes = {
	};
	objectVersion = 46;
	objects = {

/* Begin PBXBuildFile section */
		B5F5D1241BDCA5EA004FE487 /* main.m in Sources */ = {isa = PBXBuildFile; fileRef = B5F5D1231BDCA5EA004FE487 /* main.m */; };
		B5F5D1271BDCA5EA004FE487 /* AppDelegate.m in Sources */ = {isa = PBXBuildFile; fileRef = B5F5D1261BDCA5EA004FE487 /* AppDelegate.m */; };
		B5F5D12A1BDCA5EA004FE487 /* ViewController.m in Sources */ = {isa = PBXBuildFile; fileRef = B5F5D1291BDCA5EA004FE487 /* ViewController.m */; };
		B5F5D12D1BDCA5EA004FE487 /* Main.storyboard in Resources */ = {isa = PBXBuildFile; fileRef = B5F5D12B1BDCA5EA004FE487 /* Main.storyboard */; };
		B5F5D12F1BDCA5EA004FE487 /* Assets.xcassets in Resources */ = {isa = PBXBuildFile; fileRef = B5F5D12E1BDCA5EA004FE487 /* Assets.xcassets */; };
		B5F5D1321BDCA5EA004FE487 /* LaunchScreen.storyboard in Resources */ = {isa = PBXBuildFile; fileRef = B5F5D1301BDCA5EA004FE487 /* LaunchScreen.storyboard */; };
		B5F5D13D1BDCA5EA004FE487 /* Control_FunTests.m in Sources */ = {isa = PBXBuildFile; fileRef = B5F5D13C1BDCA5EA004FE487 /* Control_FunTests.m */; };
		B5F5D1481BDCA5EA004FE487 /* Control_FunUITests.m in Sources */ = {isa = PBXBuildFile; fileRef = B5F5D1471BDCA5EA004FE487 /* Control_FunUITests.m */; };
/* End PBXBuildFile section */

/* Begin PBXContainerItemProxy section */
		B5F5D1391BDCA5EA004FE487 /* PBXContainerItemProxy */ = {
			isa = PBXContainerItemProxy;
			containerPortal = B5F5D1171BDCA5EA004FE487 /* Project object */;
			proxyType = 1;
			remoteGlobalIDString = B5F5D11E1BDCA5EA004FE487;
			remoteInfo = "Control Fun";
		};
		B5F5D1441BDCA5EA004FE487 /* PBXContainerItemProxy */ = {
			isa = PBXContainerItemProxy;
			containerPortal = B5F5D1171BDCA5EA004FE487 /* Project object */;
			proxyType = 1;
			remoteGlobalIDString = B5F5D11E1BDCA5EA004FE487;
			remoteInfo = "Control Fun";
		};
/* End PBXContainerItemProxy section */

/* Begin PBXFileReference section */
		B5F5D11F1BDCA5EA004FE487 /* Control Fun.app */ = {isa = PBXFileReference; explicitFileType = wrapper.application; includeInIndex = 0; path = "Control Fun.app"; sourceTree = BUILT_PRODUCTS_DIR; };
		B5F5D1231BDCA5EA004FE487 /* main.m */ = {isa = PBXFileReference; lastKnownFileType = sourcecode.c.objc; path = main.m; sourceTree = "<group>"; };
		B5F5D1251BDCA5EA004FE487 /* AppDelegate.h */ = {isa = PBXFileReference; lastKnownFileType = sourcecode.c.h; path = AppDelegate.h; sourceTree = "<group>"; };
		B5F5D1261BDCA5EA004FE487 /* AppDelegate.m */ = {isa = PBXFileReference; lastKnownFileType = sourcecode.c.objc; path = AppDelegate.m; sourceTree = "<group>"; };
		B5F5D1281BDCA5EA004FE487 /* ViewController.h */ = {isa = PBXFileReference; lastKnownFileType = sourcecode.c.h; path = ViewController.h; sourceTree = "<group>"; };
		B5F5D1291BDCA5EA004FE487 /* ViewController.m */ = {isa = PBXFileReference; lastKnownFileType = sourcecode.c.objc; path = ViewController.m; sourceTree = "<group>"; };
		B5F5D12C1BDCA5EA004FE487 /* Base */ = {isa = PBXFileReference; lastKnownFileType = file.storyboard; name = Base; path = Base.lproj/Main.storyboard; sourceTree = "<group>"; };
		B5F5D12E1BDCA5EA004FE487 /* Assets.xcassets */ = {isa = PBXFileReference; lastKnownFileType = folder.assetcatalog; path = Assets.xcassets; sourceTree = "<group>"; };
		B5F5D1311BDCA5EA004FE487 /* Base */ = {isa = PBXFileReference; lastKnownFileType = file.storyboard; name = Base; path = Base.lproj/LaunchScreen.storyboard; sourceTree = "<group>"; };
		B5F5D1331BDCA5EA004FE487 /* Info.plist */ = {isa = PBXFileReference; lastKnownFileType = text.plist.xml; path = Info.plist; sourceTree = "<group>"; };
		B5F5D1381BDCA5EA004FE487 /* Control FunTests.xctest */ = {isa = PBXFileReference; explicitFileType = wrapper.cfbundle; includeInIndex = 0; path = "Control FunTests.xctest"; sourceTree = BUILT_PRODUCTS_DIR; };
		B5F5D13C1BDCA5EA004FE487 /* Control_FunTests.m */ = {isa = PBXFileReference; lastKnownFileType = sourcecode.c.objc; path = Control_FunTests.m; sourceTree = "<group>"; };
		B5F5D13E1BDCA5EA004FE487 /* Info.plist */ = {isa = PBXFileReference; lastKnownFileType = text.plist.xml; path = Info.plist; sourceTree = "<group>"; };
		B5F5D1431BDCA5EA004FE487 /* Control FunUITests.xctest */ = {isa = PBXFileReference; explicitFileType = wrapper.cfbundle; includeInIndex = 0; path = "Control FunUITests.xctest"; sourceTree = BUILT_PRODUCTS_DIR; };
		B5F5D1471BDCA5EA004FE487 /* Control_FunUITests.m */ = {isa = PBXFileReference; lastKnownFileType = sourcecode.c.objc; path = Control_FunUITests.m; sourceTree = "<group>"; };
		B5F5D1491BDCA5EA004FE487 /* Info.plist */ = {isa = PBXFileReference; lastKnownFileType = text.plist.xml; path = Info.plist; sourceTree = "<group>"; };
/* End PBXFileReference section */

/* Begin PBXFrameworksBuildPhase section */
		B5F5D11C1BDCA5EA004FE487 /* Frameworks */ = {
			isa = PBXFrameworksBuildPhase;
			buildActionMask = 2147483647;
			files = (
			);
			runOnlyForDeploymentPostprocessing = 0;
		};
		B5F5D1351BDCA5EA004FE487 /* Frameworks */ = {
			isa = PBXFrameworksBuildPhase;
			buildActionMask = 2147483647;
			files = (
			);
			runOnlyForDeploymentPostprocessing = 0;
		};
		B5F5D1401BDCA5EA004FE487 /* Frameworks */ = {
			isa = PBXFrameworksBuildPhase;
			buildActionMask = 2147483647;
			files = (
			);
			runOnlyForDeploymentPostprocessing = 0;
		};
/* End PBXFrameworksBuildPhase section */

/* Begin PBXGroup section */
		B5F5D1161BDCA5EA004FE487 = {
			isa = PBXGroup;
			children = (
				B5F5D1211BDCA5EA004FE487 /* Control Fun */,
				B5F5D13B1BDCA5EA004FE487 /* Control FunTests */,
				B5F5D1461BDCA5EA004FE487 /* Control FunUITests */,
				B5F5D1201BDCA5EA004FE487 /* Products */,
			);
			sourceTree = "<group>";
		};
		B5F5D1201BDCA5EA004FE487 /* Products */ = {
			isa = PBXGroup;
			children = (
				B5F5D11F1BDCA5EA004FE487 /* Control Fun.app */,
				B5F5D1381BDCA5EA004FE487 /* Control FunTests.xctest */,
				B5F5D1431BDCA5EA004FE487 /* Control FunUITests.xctest */,
			);
			name = Products;
			sourceTree = "<group>";
		};
		B5F5D1211BDCA5EA004FE487 /* Control Fun */ = {
			isa = PBXGroup;
			children = (
				B5F5D1251BDCA5EA004FE487 /* AppDelegate.h */,
				B5F5D1261BDCA5EA004FE487 /* AppDelegate.m */,
				B5F5D1281BDCA5EA004FE487 /* ViewController.h */,
				B5F5D1291BDCA5EA004FE487 /* ViewController.m */,
				B5F5D12B1BDCA5EA004FE487 /* Main.storyboard */,
				B5F5D12E1BDCA5EA004FE487 /* Assets.xcassets */,
				B5F5D1301BDCA5EA004FE487 /* LaunchScreen.storyboard */,
				B5F5D1331BDCA5EA004FE487 /* Info.plist */,
				B5F5D1221BDCA5EA004FE487 /* Supporting Files */,
			);
			path = "Control Fun";
			sourceTree = "<group>";
		};
		B5F5D1221BDCA5EA004FE487 /* Supporting Files */ = {
			isa = PBXGroup;
			children = (
				B5F5D1231BDCA5EA004FE487 /* main.m */,
			);
			name = "Supporting Files";
			sourceTree = "<group>";
		};
		B5F5D13B1BDCA5EA004FE487 /* Control FunTests */ = {
			isa = PBXGroup;
			children = (
				B5F5D13C1BDCA5EA004FE487 /* Control_FunTests.m */,
				B5F5D13E1BDCA5EA004FE487 /* Info.plist */,
			);
			path = "Control FunTests";
			sourceTree = "<group>";
		};
		B5F5D1461BDCA5EA004FE487 /* Control FunUITests */ = {
			isa = PBXGroup;
			children = (
				B5F5D1471BDCA5EA004FE487 /* Control_FunUITests.m */,
				B5F5D1491BDCA5EA004FE487 /* Info.plist */,
			);
			path = "Control FunUITests";
			sourceTree = "<group>";
		};
/* End PBXGroup section */

/* Begin PBXNativeTarget section */
		B5F5D11E1BDCA5EA004FE487 /* Control Fun */ = {
			isa = PBXNativeTarget;
			buildConfigurationList = B5F5D14C1BDCA5EA004FE487 /* Build configuration list for PBXNativeTarget "Control Fun" */;
			buildPhases = (
				B5F5D11B1BDCA5EA004FE487 /* Sources */,
				B5F5D11C1BDCA5EA004FE487 /* Frameworks */,
				B5F5D11D1BDCA5EA004FE487 /* Resources */,
			);
			buildRules = (
			);
			dependencies = (
			);
			name = "Control Fun";
			productName = "Control Fun";
			productReference = B5F5D11F1BDCA5EA004FE487 /* Control Fun.app */;
			productType = "com.apple.product-type.application";
		};
		B5F5D1371BDCA5EA004FE487 /* Control FunTests */ = {
			isa = PBXNativeTarget;
			buildConfigurationList = B5F5D14F1BDCA5EA004FE487 /* Build configuration list for PBXNativeTarget "Control FunTests" */;
			buildPhases = (
				B5F5D1341BDCA5EA004FE487 /* Sources */,
				B5F5D1351BDCA5EA004FE487 /* Frameworks */,
				B5F5D1361BDCA5EA004FE487 /* Resources */,
			);
			buildRules = (
			);
			dependencies = (
				B5F5D13A1BDCA5EA004FE487 /* PBXTargetDependency */,
			);
			name = "Control FunTests";
			productName = "Control FunTests";
			productReference = B5F5D1381BDCA5EA004FE487 /* Control FunTests.xctest */;
			productType = "com.apple.product-type.bundle.unit-test";
		};
		B5F5D1421BDCA5EA004FE487 /* Control FunUITests */ = {
			isa = PBXNativeTarget;
			buildConfigurationList = B5F5D1521BDCA5EA004FE487 /* Build configuration list for PBXNativeTarget "Control FunUITests" */;
			buildPhases = (
				B5F5D13F1BDCA5EA004FE487 /* Sources */,
				B5F5D1401BDCA5EA004FE487 /* Frameworks */,
				B5F5D1411BDCA5EA004FE487 /* Resources */,
			);
			buildRules = (
			);
			dependencies = (
				B5F5D1451BDCA5EA004FE487 /* PBXTargetDependency */,
			);
			name = "Control FunUITests";
			productName = "Control FunUITests";
			productReference = B5F5D1431BDCA5EA004FE487 /* Control FunUITests.xctest */;
			productType = "com.apple.product-type.bundle.ui-testing";
		};
/* End PBXNativeTarget section */

/* Begin PBXProject section */
		B5F5D1171BDCA5EA004FE487 /* Project object */ = {
			isa = PBXProject;
			attributes = {
				LastUpgradeCheck = 0710;
				ORGANIZATIONNAME = Apress;
				TargetAttributes = {
					B5F5D11E1BDCA5EA004FE487 = {
						CreatedOnToolsVersion = 7.1;
						DevelopmentTeam = RR6Z3D9L7K;
					};
					B5F5D1371BDCA5EA004FE487 = {
						CreatedOnToolsVersion = 7.1;
						DevelopmentTeam = RR6Z3D9L7K;
						TestTargetID = B5F5D11E1BDCA5EA004FE487;
					};
					B5F5D1421BDCA5EA004FE487 = {
						CreatedOnToolsVersion = 7.1;
						DevelopmentTeam = RR6Z3D9L7K;
						TestTargetID = B5F5D11E1BDCA5EA004FE487;
					};
				};
			};
			buildConfigurationList = B5F5D11A1BDCA5EA004FE487 /* Build configuration list for PBXProject "Control Fun" */;
			compatibilityVersion = "Xcode 3.2";
			developmentRegion = English;
			hasScannedForEncodings = 0;
			knownRegions = (
				en,
				Base,
			);
			mainGroup = B5F5D1161BDCA5EA004FE487;
			productRefGroup = B5F5D1201BDCA5EA004FE487 /* Products */;
			projectDirPath = "";
			projectRoot = "";
			targets = (
				B5F5D11E1BDCA5EA004FE487 /* Control Fun */,
				B5F5D1371BDCA5EA004FE487 /* Control FunTests */,
				B5F5D1421BDCA5EA004FE487 /* Control FunUITests */,
			);
		};
/* End PBXProject section */

/* Begin PBXResourcesBuildPhase section */
		B5F5D11D1BDCA5EA004FE487 /* Resources */ = {
			isa = PBXResourcesBuildPhase;
			buildActionMask = 2147483647;
			files = (
				B5F5D1321BDCA5EA004FE487 /* LaunchScreen.storyboard in Resources */,
				B5F5D12F1BDCA5EA004FE487 /* Assets.xcassets in Resources */,
				B5F5D12D1BDCA5EA004FE487 /* Main.storyboard in Resources */,
			);
			runOnlyForDeploymentPostprocessing = 0;
		};
		B5F5D1361BDCA5EA004FE487 /* Resources */ = {
			isa = PBXResourcesBuildPhase;
			buildActionMask = 2147483647;
			files = (
			);
			runOnlyForDeploymentPostprocessing = 0;
		};
		B5F5D1411BDCA5EA004FE487 /* Resources */ = {
			isa = PBXResourcesBuildPhase;
			buildActionMask = 2147483647;
			files = (
			);
			runOnlyForDeploymentPostprocessing = 0;
		};
/* End PBXResourcesBuildPhase section */

/* Begin PBXSourcesBuildPhase section */
		B5F5D11B1BDCA5EA004FE487 /* Sources */ = {
			isa = PBXSourcesBuildPhase;
			buildActionMask = 2147483647;
			files = (
				B5F5D12A1BDCA5EA004FE487 /* ViewController.m in Sources */,
				B5F5D1271BDCA5EA004FE487 /* AppDelegate.m in Sources */,
				B5F5D1241BDCA5EA004FE487 /* main.m in Sources */,
			);
			runOnlyForDeploymentPostprocessing = 0;
		};
		B5F5D1341BDCA5EA004FE487 /* Sources */ = {
			isa = PBXSourcesBuildPhase;
			buildActionMask = 2147483647;
			files = (
				B5F5D13D1BDCA5EA004FE487 /* Control_FunTests.m in Sources */,
			);
			runOnlyForDeploymentPostprocessing = 0;
		};
		B5F5D13F1BDCA5EA004FE487 /* Sources */ = {
			isa = PBXSourcesBuildPhase;
			buildActionMask = 2147483647;
			files = (
				B5F5D1481BDCA5EA004FE487 /* Control_FunUITests.m in Sources */,
			);
			runOnlyForDeploymentPostprocessing = 0;
		};
/* End PBXSourcesBuildPhase section */

/* Begin PBXTargetDependency section */
		B5F5D13A1BDCA5EA004FE487 /* PBXTargetDependency */ = {
			isa = PBXTargetDependency;
			target = B5F5D11E1BDCA5EA004FE487 /* Control Fun */;
			targetProxy = B5F5D1391BDCA5EA004FE487 /* PBXContainerItemProxy */;
		};
		B5F5D1451BDCA5EA004FE487 /* PBXTargetDependency */ = {
			isa = PBXTargetDependency;
			target = B5F5D11E1BDCA5EA004FE487 /* Control Fun */;
			targetProxy = B5F5D1441BDCA5EA004FE487 /* PBXContainerItemProxy */;
		};
/* End PBXTargetDependency section */

/* Begin PBXVariantGroup section */
		B5F5D12B1BDCA5EA004FE487 /* Main.storyboard */ = {
			isa = PBXVariantGroup;
			children = (
				B5F5D12C1BDCA5EA004FE487 /* Base */,
			);
			name = Main.storyboard;
			sourceTree = "<group>";
		};
		B5F5D1301BDCA5EA004FE487 /* LaunchScreen.storyboard */ = {
			isa = PBXVariantGroup;
			children = (
				B5F5D1311BDCA5EA004FE487 /* Base */,
			);
			name = LaunchScreen.storyboard;
			sourceTree = "<group>";
		};
/* End PBXVariantGroup section */

/* Begin XCBuildConfiguration section */
		B5F5D14A1BDCA5EA004FE487 /* Debug */ = {
			isa = XCBuildConfiguration;
			buildSettings = {
				ALWAYS_SEARCH_USER_PATHS = NO;
				CLANG_CXX_LANGUAGE_STANDARD = "gnu++0x";
				CLANG_CXX_LIBRARY = "libc++";
				CLANG_ENABLE_MODULES = YES;
				CLANG_ENABLE_OBJC_ARC = YES;
				CLANG_WARN_BOOL_CONVERSION = YES;
				CLANG_WARN_CONSTANT_CONVERSION = YES;
				CLANG_WARN_DIRECT_OBJC_ISA_USAGE = YES_ERROR;
				CLANG_WARN_EMPTY_BODY = YES;
				CLANG_WARN_ENUM_CONVERSION = YES;
				CLANG_WARN_INT_CONVERSION = YES;
				CLANG_WARN_OBJC_ROOT_CLASS = YES_ERROR;
				CLANG_WARN_UNREACHABLE_CODE = YES;
				CLANG_WARN__DUPLICATE_METHOD_MATCH = YES;
				"CODE_SIGN_IDENTITY[sdk=iphoneos*]" = "iPhone Developer";
				COPY_PHASE_STRIP = NO;
				DEBUG_INFORMATION_FORMAT = dwarf;
				ENABLE_STRICT_OBJC_MSGSEND = YES;
				ENABLE_TESTABILITY = YES;
				GCC_C_LANGUAGE_STANDARD = gnu99;
				GCC_DYNAMIC_NO_PIC = NO;
				GCC_NO_COMMON_BLOCKS = YES;
				GCC_OPTIMIZATION_LEVEL = 0;
				GCC_PREPROCESSOR_DEFINITIONS = (
					"DEBUG=1",
					"$(inherited)",
				);
				GCC_WARN_64_TO_32_BIT_CONVERSION = YES;
				GCC_WARN_ABOUT_RETURN_TYPE = YES_ERROR;
				GCC_WARN_UNDECLARED_SELECTOR = YES;
				GCC_WARN_UNINITIALIZED_AUTOS = YES_AGGRESSIVE;
				GCC_WARN_UNUSED_FUNCTION = YES;
				GCC_WARN_UNUSED_VARIABLE = YES;
				IPHONEOS_DEPLOYMENT_TARGET = 9.1;
				MTL_ENABLE_DEBUG_INFO = YES;
				ONLY_ACTIVE_ARCH = YES;
				SDKROOT = iphoneos;
			};
			name = Debug;
		};
		B5F5D14B1BDCA5EA004FE487 /* Release */ = {
			isa = XCBuildConfiguration;
			buildSettings = {
				ALWAYS_SEARCH_USER_PATHS = NO;
				CLANG_CXX_LANGUAGE_STANDARD = "gnu++0x";
				CLANG_CXX_LIBRARY = "libc++";
				CLANG_ENABLE_MODULES = YES;
				CLANG_ENABLE_OBJC_ARC = YES;
				CLANG_WARN_BOOL_CONVERSION = YES;
				CLANG_WARN_CONSTANT_CONVERSION = YES;
				CLANG_WARN_DIRECT_OBJC_ISA_USAGE = YES_ERROR;
				CLANG_WARN_EMPTY_BODY = YES;
				CLANG_WARN_ENUM_CONVERSION = YES;
				CLANG_WARN_INT_CONVERSION = YES;
				CLANG_WARN_OBJC_ROOT_CLASS = YES_ERROR;
				CLANG_WARN_UNREACHABLE_CODE = YES;
				CLANG_WARN__DUPLICATE_METHOD_MATCH = YES;
				"CODE_SIGN_IDENTITY[sdk=iphoneos*]" = "iPhone Developer";
				COPY_PHASE_STRIP = NO;
				DEBUG_INFORMATION_FORMAT = "dwarf-with-dsym";
				ENABLE_NS_ASSERTIONS = NO;
				ENABLE_STRICT_OBJC_MSGSEND = YES;
				GCC_C_LANGUAGE_STANDARD = gnu99;
				GCC_NO_COMMON_BLOCKS = YES;
				GCC_WARN_64_TO_32_BIT_CONVERSION = YES;
				GCC_WARN_ABOUT_RETURN_TYPE = YES_ERROR;
				GCC_WARN_UNDECLARED_SELECTOR = YES;
				GCC_WARN_UNINITIALIZED_AUTOS = YES_AGGRESSIVE;
				GCC_WARN_UNUSED_FUNCTION = YES;
				GCC_WARN_UNUSED_VARIABLE = YES;
				IPHONEOS_DEPLOYMENT_TARGET = 9.1;
				MTL_ENABLE_DEBUG_INFO = NO;
				SDKROOT = iphoneos;
				VALIDATE_PRODUCT = YES;
			};
			name = Release;
		};
		B5F5D14D1BDCA5EA004FE487 /* Debug */ = {
			isa = XCBuildConfiguration;
			buildSettings = {
				ASSETCATALOG_COMPILER_APPICON_NAME = AppIcon;
				INFOPLIST_FILE = "Control Fun/Info.plist";
				LD_RUNPATH_SEARCH_PATHS = "$(inherited) @executable_path/Frameworks";
				PRODUCT_BUNDLE_IDENTIFIER = "com.cya.Control-Fun";
				PRODUCT_NAME = "$(TARGET_NAME)";
			};
			name = Debug;
		};
		B5F5D14E1BDCA5EA004FE487 /* Release */ = {
			isa = XCBuildConfiguration;
			buildSettings = {
				ASSETCATALOG_COMPILER_APPICON_NAME = AppIcon;
				INFOPLIST_FILE = "Control Fun/Info.plist";
				LD_RUNPATH_SEARCH_PATHS = "$(inherited) @executable_path/Frameworks";
				PRODUCT_BUNDLE_IDENTIFIER = "com.cya.Control-Fun";
				PRODUCT_NAME = "$(TARGET_NAME)";
			};
			name = Release;
		};
		B5F5D1501BDCA5EA004FE487 /* Debug */ = {
			isa = XCBuildConfiguration;
			buildSettings = {
				BUNDLE_LOADER = "$(TEST_HOST)";
				INFOPLIST_FILE = "Control FunTests/Info.plist";
				LD_RUNPATH_SEARCH_PATHS = "$(inherited) @executable_path/Frameworks @loader_path/Frameworks";
				PRODUCT_BUNDLE_IDENTIFIER = "com.cya.Control-FunTests";
				PRODUCT_NAME = "$(TARGET_NAME)";
				TEST_HOST = "$(BUILT_PRODUCTS_DIR)/Control Fun.app/Control Fun";
			};
			name = Debug;
		};
		B5F5D1511BDCA5EA004FE487 /* Release */ = {
			isa = XCBuildConfiguration;
			buildSettings = {
				BUNDLE_LOADER = "$(TEST_HOST)";
				INFOPLIST_FILE = "Control FunTests/Info.plist";
				LD_RUNPATH_SEARCH_PATHS = "$(inherited) @executable_path/Frameworks @loader_path/Frameworks";
				PRODUCT_BUNDLE_IDENTIFIER = "com.cya.Control-FunTests";
				PRODUCT_NAME = "$(TARGET_NAME)";
				TEST_HOST = "$(BUILT_PRODUCTS_DIR)/Control Fun.app/Control Fun";
			};
			name = Release;
		};
		B5F5D1531BDCA5EA004FE487 /* Debug */ = {
			isa = XCBuildConfiguration;
			buildSettings = {
				INFOPLIST_FILE = "Control FunUITests/Info.plist";
				LD_RUNPATH_SEARCH_PATHS = "$(inherited) @executable_path/Frameworks @loader_path/Frameworks";
				PRODUCT_BUNDLE_IDENTIFIER = "com.cya.Control-FunUITests";
				PRODUCT_NAME = "$(TARGET_NAME)";
				TEST_TARGET_NAME = "Control Fun";
				USES_XCTRUNNER = YES;
			};
			name = Debug;
		};
		B5F5D1541BDCA5EA004FE487 /* Release */ = {
			isa = XCBuildConfiguration;
			buildSettings = {
				INFOPLIST_FILE = "Control FunUITests/Info.plist";
				LD_RUNPATH_SEARCH_PATHS = "$(inherited) @executable_path/Frameworks @loader_path/Frameworks";
				PRODUCT_BUNDLE_IDENTIFIER = "com.cya.Control-FunUITests";
				PRODUCT_NAME = "$(TARGET_NAME)";
				TEST_TARGET_NAME = "Control Fun";
				USES_XCTRUNNER = YES;
			};
			name = Release;
		};
/* End XCBuildConfiguration section */

/* Begin XCConfigurationList section */
		B5F5D11A1BDCA5EA004FE487 /* Build configuration list for PBXProject "Control Fun" */ = {
			isa = XCConfigurationList;
			buildConfigurations = (
				B5F5D14A1BDCA5EA004FE487 /* Debug */,
				B5F5D14B1BDCA5EA004FE487 /* Release */,
			);
			defaultConfigurationIsVisible = 0;
			defaultConfigurationName = Release;
		};
		B5F5D14C1BDCA5EA004FE487 /* Build configuration list for PBXNativeTarget "Control Fun" */ = {
			isa = XCConfigurationList;
			buildConfigurations = (
				B5F5D14D1BDCA5EA004FE487 /* Debug */,
				B5F5D14E1BDCA5EA004FE487 /* Release */,
			);
			defaultConfigurationIsVisible = 0;
		};
		B5F5D14F1BDCA5EA004FE487 /* Build configuration list for PBXNativeTarget "Control FunTests" */ = {
			isa = XCConfigurationList;
			buildConfigurations = (
				B5F5D1501BDCA5EA004FE487 /* Debug */,
				B5F5D1511BDCA5EA004FE487 /* Release */,
			);
			defaultConfigurationIsVisible = 0;
		};
		B5F5D1521BDCA5EA004FE487 /* Build configuration list for PBXNativeTarget "Control FunUITests" */ = {
			isa = XCConfigurationList;
			buildConfigurations = (
				B5F5D1531BDCA5EA004FE487 /* Debug */,
				B5F5D1541BDCA5EA004FE487 /* Release */,
			);
			defaultConfigurationIsVisible = 0;
		};
/* End XCConfigurationList section */
	};
	rootObject = B5F5D1171BDCA5EA004FE487 /* Project object */;
}
